// !$*UTF8*$!
{
	archiveVersion = 1;
	classes = {
	};
	objectVersion = 56;
	objects = {

/* Begin PBXBuildFile section */
		99E944CC29EF92C9004D739D /* AppDelegate.swift in Sources */ = {isa = PBXBuildFile; fileRef = 99E944CB29EF92C9004D739D /* AppDelegate.swift */; };
		99E944CE29EF92C9004D739D /* SceneDelegate.swift in Sources */ = {isa = PBXBuildFile; fileRef = 99E944CD29EF92C9004D739D /* SceneDelegate.swift */; };
		99E944D029EF92C9004D739D /* ViewController.swift in Sources */ = {isa = PBXBuildFile; fileRef = 99E944CF29EF92C9004D739D /* ViewController.swift */; };
		99E944D329EF92C9004D739D /* Main.storyboard in Resources */ = {isa = PBXBuildFile; fileRef = 99E944D129EF92C9004D739D /* Main.storyboard */; };
		99E944D529EF92CB004D739D /* Assets.xcassets in Resources */ = {isa = PBXBuildFile; fileRef = 99E944D429EF92CB004D739D /* Assets.xcassets */; };
		99E944D829EF92CB004D739D /* LaunchScreen.storyboard in Resources */ = {isa = PBXBuildFile; fileRef = 99E944D629EF92CB004D739D /* LaunchScreen.storyboard */; };
		99E944E329EF92CC004D739D /* AppLocalizationTests.swift in Sources */ = {isa = PBXBuildFile; fileRef = 99E944E229EF92CC004D739D /* AppLocalizationTests.swift */; };
		99E944ED29EF92CC004D739D /* AppLocalizationUITests.swift in Sources */ = {isa = PBXBuildFile; fileRef = 99E944EC29EF92CC004D739D /* AppLocalizationUITests.swift */; };
		99E944EF29EF92CC004D739D /* AppLocalizationUITestsLaunchTests.swift in Sources */ = {isa = PBXBuildFile; fileRef = 99E944EE29EF92CC004D739D /* AppLocalizationUITestsLaunchTests.swift */; };
/* End PBXBuildFile section */

/* Begin PBXContainerItemProxy section */
		99E944DF29EF92CC004D739D /* PBXContainerItemProxy */ = {
			isa = PBXContainerItemProxy;
			containerPortal = 99E944C029EF92C9004D739D /* Project object */;
			proxyType = 1;
			remoteGlobalIDString = 99E944C729EF92C9004D739D;
			remoteInfo = AppLocalization;
		};
		99E944E929EF92CC004D739D /* PBXContainerItemProxy */ = {
			isa = PBXContainerItemProxy;
			containerPortal = 99E944C029EF92C9004D739D /* Project object */;
			proxyType = 1;
			remoteGlobalIDString = 99E944C729EF92C9004D739D;
			remoteInfo = AppLocalization;
		};
/* End PBXContainerItemProxy section */

/* Begin PBXFileReference section */
		99E944C829EF92C9004D739D /* AppLocalization.app */ = {isa = PBXFileReference; explicitFileType = wrapper.application; includeInIndex = 0; path = AppLocalization.app; sourceTree = BUILT_PRODUCTS_DIR; };
		99E944CB29EF92C9004D739D /* AppDelegate.swift */ = {isa = PBXFileReference; lastKnownFileType = sourcecode.swift; path = AppDelegate.swift; sourceTree = "<group>"; };
		99E944CD29EF92C9004D739D /* SceneDelegate.swift */ = {isa = PBXFileReference; lastKnownFileType = sourcecode.swift; path = SceneDelegate.swift; sourceTree = "<group>"; };
		99E944CF29EF92C9004D739D /* ViewController.swift */ = {isa = PBXFileReference; lastKnownFileType = sourcecode.swift; path = ViewController.swift; sourceTree = "<group>"; };
		99E944D229EF92C9004D739D /* Base */ = {isa = PBXFileReference; lastKnownFileType = file.storyboard; name = Base; path = Base.lproj/Main.storyboard; sourceTree = "<group>"; };
		99E944D429EF92CB004D739D /* Assets.xcassets */ = {isa = PBXFileReference; lastKnownFileType = folder.assetcatalog; path = Assets.xcassets; sourceTree = "<group>"; };
		99E944D729EF92CB004D739D /* Base */ = {isa = PBXFileReference; lastKnownFileType = file.storyboard; name = Base; path = Base.lproj/LaunchScreen.storyboard; sourceTree = "<group>"; };
		99E944D929EF92CB004D739D /* Info.plist */ = {isa = PBXFileReference; lastKnownFileType = text.plist.xml; path = Info.plist; sourceTree = "<group>"; };
		99E944DE29EF92CC004D739D /* AppLocalizationTests.xctest */ = {isa = PBXFileReference; explicitFileType = wrapper.cfbundle; includeInIndex = 0; path = AppLocalizationTests.xctest; sourceTree = BUILT_PRODUCTS_DIR; };
		99E944E229EF92CC004D739D /* AppLocalizationTests.swift */ = {isa = PBXFileReference; lastKnownFileType = sourcecode.swift; path = AppLocalizationTests.swift; sourceTree = "<group>"; };
		99E944E829EF92CC004D739D /* AppLocalizationUITests.xctest */ = {isa = PBXFileReference; explicitFileType = wrapper.cfbundle; includeInIndex = 0; path = AppLocalizationUITests.xctest; sourceTree = BUILT_PRODUCTS_DIR; };
		99E944EC29EF92CC004D739D /* AppLocalizationUITests.swift */ = {isa = PBXFileReference; lastKnownFileType = sourcecode.swift; path = AppLocalizationUITests.swift; sourceTree = "<group>"; };
		99E944EE29EF92CC004D739D /* AppLocalizationUITestsLaunchTests.swift */ = {isa = PBXFileReference; lastKnownFileType = sourcecode.swift; path = AppLocalizationUITestsLaunchTests.swift; sourceTree = "<group>"; };
/* End PBXFileReference section */

/* Begin PBXFrameworksBuildPhase section */
		99E944C529EF92C9004D739D /* Frameworks */ = {
			isa = PBXFrameworksBuildPhase;
			buildActionMask = 2147483647;
			files = (
			);
			runOnlyForDeploymentPostprocessing = 0;
		};
		99E944DB29EF92CC004D739D /* Frameworks */ = {
			isa = PBXFrameworksBuildPhase;
			buildActionMask = 2147483647;
			files = (
			);
			runOnlyForDeploymentPostprocessing = 0;
		};
		99E944E529EF92CC004D739D /* Frameworks */ = {
			isa = PBXFrameworksBuildPhase;
			buildActionMask = 2147483647;
			files = (
			);
			runOnlyForDeploymentPostprocessing = 0;
		};
/* End PBXFrameworksBuildPhase section */

/* Begin PBXGroup section */
		99E944BF29EF92C9004D739D = {
			isa = PBXGroup;
			children = (
				99E944CA29EF92C9004D739D /* AppLocalization */,
				99E944E129EF92CC004D739D /* AppLocalizationTests */,
				99E944EB29EF92CC004D739D /* AppLocalizationUITests */,
				99E944C929EF92C9004D739D /* Products */,
			);
			sourceTree = "<group>";
		};
		99E944C929EF92C9004D739D /* Products */ = {
			isa = PBXGroup;
			children = (
				99E944C829EF92C9004D739D /* AppLocalization.app */,
				99E944DE29EF92CC004D739D /* AppLocalizationTests.xctest */,
				99E944E829EF92CC004D739D /* AppLocalizationUITests.xctest */,
			);
			name = Products;
			sourceTree = "<group>";
		};
		99E944CA29EF92C9004D739D /* AppLocalization */ = {
			isa = PBXGroup;
			children = (
				99E944CB29EF92C9004D739D /* AppDelegate.swift */,
				99E944CD29EF92C9004D739D /* SceneDelegate.swift */,
				99E944CF29EF92C9004D739D /* ViewController.swift */,
				99E944D129EF92C9004D739D /* Main.storyboard */,
				99E944D429EF92CB004D739D /* Assets.xcassets */,
				99E944D629EF92CB004D739D /* LaunchScreen.storyboard */,
				99E944D929EF92CB004D739D /* Info.plist */,
			);
			path = AppLocalization;
			sourceTree = "<group>";
		};
		99E944E129EF92CC004D739D /* AppLocalizationTests */ = {
			isa = PBXGroup;
			children = (
				99E944E229EF92CC004D739D /* AppLocalizationTests.swift */,
			);
			path = AppLocalizationTests;
			sourceTree = "<group>";
		};
		99E944EB29EF92CC004D739D /* AppLocalizationUITests */ = {
			isa = PBXGroup;
			children = (
				99E944EC29EF92CC004D739D /* AppLocalizationUITests.swift */,
				99E944EE29EF92CC004D739D /* AppLocalizationUITestsLaunchTests.swift */,
			);
			path = AppLocalizationUITests;
			sourceTree = "<group>";
		};
/* End PBXGroup section */

/* Begin PBXNativeTarget section */
		99E944C729EF92C9004D739D /* AppLocalization */ = {
			isa = PBXNativeTarget;
			buildConfigurationList = 99E944F229EF92CC004D739D /* Build configuration list for PBXNativeTarget "AppLocalization" */;
			buildPhases = (
				99E944C429EF92C9004D739D /* Sources */,
				99E944C529EF92C9004D739D /* Frameworks */,
				99E944C629EF92C9004D739D /* Resources */,
			);
			buildRules = (
			);
			dependencies = (
			);
			name = AppLocalization;
			productName = AppLocalization;
			productReference = 99E944C829EF92C9004D739D /* AppLocalization.app */;
			productType = "com.apple.product-type.application";
		};
		99E944DD29EF92CC004D739D /* AppLocalizationTests */ = {
			isa = PBXNativeTarget;
			buildConfigurationList = 99E944F529EF92CC004D739D /* Build configuration list for PBXNativeTarget "AppLocalizationTests" */;
			buildPhases = (
				99E944DA29EF92CC004D739D /* Sources */,
				99E944DB29EF92CC004D739D /* Frameworks */,
				99E944DC29EF92CC004D739D /* Resources */,
			);
			buildRules = (
			);
			dependencies = (
				99E944E029EF92CC004D739D /* PBXTargetDependency */,
			);
			name = AppLocalizationTests;
			productName = AppLocalizationTests;
			productReference = 99E944DE29EF92CC004D739D /* AppLocalizationTests.xctest */;
			productType = "com.apple.product-type.bundle.unit-test";
		};
		99E944E729EF92CC004D739D /* AppLocalizationUITests */ = {
			isa = PBXNativeTarget;
			buildConfigurationList = 99E944F829EF92CC004D739D /* Build configuration list for PBXNativeTarget "AppLocalizationUITests" */;
			buildPhases = (
				99E944E429EF92CC004D739D /* Sources */,
				99E944E529EF92CC004D739D /* Frameworks */,
				99E944E629EF92CC004D739D /* Resources */,
			);
			buildRules = (
			);
			dependencies = (
				99E944EA29EF92CC004D739D /* PBXTargetDependency */,
			);
			name = AppLocalizationUITests;
			productName = AppLocalizationUITests;
			productReference = 99E944E829EF92CC004D739D /* AppLocalizationUITests.xctest */;
			productType = "com.apple.product-type.bundle.ui-testing";
		};
/* End PBXNativeTarget section */

/* Begin PBXProject section */
		99E944C029EF92C9004D739D /* Project object */ = {
			isa = PBXProject;
			attributes = {
				BuildIndependentTargetsInParallel = 1;
				LastSwiftUpdateCheck = 1430;
				LastUpgradeCheck = 1430;
				TargetAttributes = {
					99E944C729EF92C9004D739D = {
						CreatedOnToolsVersion = 14.3;
					};
					99E944DD29EF92CC004D739D = {
						CreatedOnToolsVersion = 14.3;
						TestTargetID = 99E944C729EF92C9004D739D;
					};
					99E944E729EF92CC004D739D = {
						CreatedOnToolsVersion = 14.3;
						TestTargetID = 99E944C729EF92C9004D739D;
					};
				};
			};
			buildConfigurationList = 99E944C329EF92C9004D739D /* Build configuration list for PBXProject "AppLocalization" */;
			compatibilityVersion = "Xcode 14.0";
			developmentRegion = en;
			hasScannedForEncodings = 0;
			knownRegions = (
				en,
				Base,
			);
			mainGroup = 99E944BF29EF92C9004D739D;
			productRefGroup = 99E944C929EF92C9004D739D /* Products */;
			projectDirPath = "";
			projectRoot = "";
			targets = (
				99E944C729EF92C9004D739D /* AppLocalization */,
				99E944DD29EF92CC004D739D /* AppLocalizationTests */,
				99E944E729EF92CC004D739D /* AppLocalizationUITests */,
			);
		};
/* End PBXProject section */

/* Begin PBXResourcesBuildPhase section */
		99E944C629EF92C9004D739D /* Resources */ = {
			isa = PBXResourcesBuildPhase;
			buildActionMask = 2147483647;
			files = (
				99E944D829EF92CB004D739D /* LaunchScreen.storyboard in Resources */,
				99E944D529EF92CB004D739D /* Assets.xcassets in Resources */,
				99E944D329EF92C9004D739D /* Main.storyboard in Resources */,
			);
			runOnlyForDeploymentPostprocessing = 0;
		};
		99E944DC29EF92CC004D739D /* Resources */ = {
			isa = PBXResourcesBuildPhase;
			buildActionMask = 2147483647;
			files = (
			);
			runOnlyForDeploymentPostprocessing = 0;
		};
		99E944E629EF92CC004D739D /* Resources */ = {
			isa = PBXResourcesBuildPhase;
			buildActionMask = 2147483647;
			files = (
			);
			runOnlyForDeploymentPostprocessing = 0;
		};
/* End PBXResourcesBuildPhase section */

/* Begin PBXSourcesBuildPhase section */
		99E944C429EF92C9004D739D /* Sources */ = {
			isa = PBXSourcesBuildPhase;
			buildActionMask = 2147483647;
			files = (
				99E944D029EF92C9004D739D /* ViewController.swift in Sources */,
				99E944CC29EF92C9004D739D /* AppDelegate.swift in Sources */,
				99E944CE29EF92C9004D739D /* SceneDelegate.swift in Sources */,
			);
			runOnlyForDeploymentPostprocessing = 0;
		};
		99E944DA29EF92CC004D739D /* Sources */ = {
			isa = PBXSourcesBuildPhase;
			buildActionMask = 2147483647;
			files = (
				99E944E329EF92CC004D739D /* AppLocalizationTests.swift in Sources */,
			);
			runOnlyForDeploymentPostprocessing = 0;
		};
		99E944E429EF92CC004D739D /* Sources */ = {
			isa = PBXSourcesBuildPhase;
			buildActionMask = 2147483647;
			files = (
				99E944ED29EF92CC004D739D /* AppLocalizationUITests.swift in Sources */,
				99E944EF29EF92CC004D739D /* AppLocalizationUITestsLaunchTests.swift in Sources */,
			);
			runOnlyForDeploymentPostprocessing = 0;
		};
/* End PBXSourcesBuildPhase section */

/* Begin PBXTargetDependency section */
		99E944E029EF92CC004D739D /* PBXTargetDependency */ = {
			isa = PBXTargetDependency;
			target = 99E944C729EF92C9004D739D /* AppLocalization */;
			targetProxy = 99E944DF29EF92CC004D739D /* PBXContainerItemProxy */;
		};
		99E944EA29EF92CC004D739D /* PBXTargetDependency */ = {
			isa = PBXTargetDependency;
			target = 99E944C729EF92C9004D739D /* AppLocalization */;
			targetProxy = 99E944E929EF92CC004D739D /* PBXContainerItemProxy */;
		};
/* End PBXTargetDependency section */

/* Begin PBXVariantGroup section */
		99E944D129EF92C9004D739D /* Main.storyboard */ = {
			isa = PBXVariantGroup;
			children = (
				99E944D229EF92C9004D739D /* Base */,
			);
			name = Main.storyboard;
			sourceTree = "<group>";
		};
		99E944D629EF92CB004D739D /* LaunchScreen.storyboard */ = {
			isa = PBXVariantGroup;
			children = (
				99E944D729EF92CB004D739D /* Base */,
			);
			name = LaunchScreen.storyboard;
			sourceTree = "<group>";
		};
/* End PBXVariantGroup section */

/* Begin XCBuildConfiguration section */
		99E944F029EF92CC004D739D /* Debug */ = {
			isa = XCBuildConfiguration;
			buildSettings = {
				ALWAYS_SEARCH_USER_PATHS = NO;
				CLANG_ANALYZER_NONNULL = YES;
				CLANG_ANALYZER_NUMBER_OBJECT_CONVERSION = YES_AGGRESSIVE;
				CLANG_CXX_LANGUAGE_STANDARD = "gnu++20";
				CLANG_ENABLE_MODULES = YES;
				CLANG_ENABLE_OBJC_ARC = YES;
				CLANG_ENABLE_OBJC_WEAK = YES;
				CLANG_WARN_BLOCK_CAPTURE_AUTORELEASING = YES;
				CLANG_WARN_BOOL_CONVERSION = YES;
				CLANG_WARN_COMMA = YES;
				CLANG_WARN_CONSTANT_CONVERSION = YES;
				CLANG_WARN_DEPRECATED_OBJC_IMPLEMENTATIONS = YES;
				CLANG_WARN_DIRECT_OBJC_ISA_USAGE = YES_ERROR;
				CLANG_WARN_DOCUMENTATION_COMMENTS = YES;
				CLANG_WARN_EMPTY_BODY = YES;
				CLANG_WARN_ENUM_CONVERSION = YES;
				CLANG_WARN_INFINITE_RECURSION = YES;
				CLANG_WARN_INT_CONVERSION = YES;
				CLANG_WARN_NON_LITERAL_NULL_CONVERSION = YES;
				CLANG_WARN_OBJC_IMPLICIT_RETAIN_SELF = YES;
				CLANG_WARN_OBJC_LITERAL_CONVERSION = YES;
				CLANG_WARN_OBJC_ROOT_CLASS = YES_ERROR;
				CLANG_WARN_QUOTED_INCLUDE_IN_FRAMEWORK_HEADER = YES;
				CLANG_WARN_RANGE_LOOP_ANALYSIS = YES;
				CLANG_WARN_STRICT_PROTOTYPES = YES;
				CLANG_WARN_SUSPICIOUS_MOVE = YES;
				CLANG_WARN_UNGUARDED_AVAILABILITY = YES_AGGRESSIVE;
				CLANG_WARN_UNREACHABLE_CODE = YES;
				CLANG_WARN__DUPLICATE_METHOD_MATCH = YES;
				COPY_PHASE_STRIP = NO;
				DEBUG_INFORMATION_FORMAT = dwarf;
				ENABLE_STRICT_OBJC_MSGSEND = YES;
				ENABLE_TESTABILITY = YES;
				GCC_C_LANGUAGE_STANDARD = gnu11;
				GCC_DYNAMIC_NO_PIC = NO;
				GCC_NO_COMMON_BLOCKS = YES;
				GCC_OPTIMIZATION_LEVEL = 0;
				GCC_PREPROCESSOR_DEFINITIONS = (
					"DEBUG=1",
					"$(inherited)",
				);
				GCC_WARN_64_TO_32_BIT_CONVERSION = YES;
				GCC_WARN_ABOUT_RETURN_TYPE = YES_ERROR;
				GCC_WARN_UNDECLARED_SELECTOR = YES;
				GCC_WARN_UNINITIALIZED_AUTOS = YES_AGGRESSIVE;
				GCC_WARN_UNUSED_FUNCTION = YES;
				GCC_WARN_UNUSED_VARIABLE = YES;
				IPHONEOS_DEPLOYMENT_TARGET = 16.4;
				MTL_ENABLE_DEBUG_INFO = INCLUDE_SOURCE;
				MTL_FAST_MATH = YES;
				ONLY_ACTIVE_ARCH = YES;
				SDKROOT = iphoneos;
				SWIFT_ACTIVE_COMPILATION_CONDITIONS = DEBUG;
				SWIFT_OPTIMIZATION_LEVEL = "-Onone";
			};
			name = Debug;
		};
		99E944F129EF92CC004D739D /* Release */ = {
			isa = XCBuildConfiguration;
			buildSettings = {
				ALWAYS_SEARCH_USER_PATHS = NO;
				CLANG_ANALYZER_NONNULL = YES;
				CLANG_ANALYZER_NUMBER_OBJECT_CONVERSION = YES_AGGRESSIVE;
				CLANG_CXX_LANGUAGE_STANDARD = "gnu++20";
				CLANG_ENABLE_MODULES = YES;
				CLANG_ENABLE_OBJC_ARC = YES;
				CLANG_ENABLE_OBJC_WEAK = YES;
				CLANG_WARN_BLOCK_CAPTURE_AUTORELEASING = YES;
				CLANG_WARN_BOOL_CONVERSION = YES;
				CLANG_WARN_COMMA = YES;
				CLANG_WARN_CONSTANT_CONVERSION = YES;
				CLANG_WARN_DEPRECATED_OBJC_IMPLEMENTATIONS = YES;
				CLANG_WARN_DIRECT_OBJC_ISA_USAGE = YES_ERROR;
				CLANG_WARN_DOCUMENTATION_COMMENTS = YES;
				CLANG_WARN_EMPTY_BODY = YES;
				CLANG_WARN_ENUM_CONVERSION = YES;
				CLANG_WARN_INFINITE_RECURSION = YES;
				CLANG_WARN_INT_CONVERSION = YES;
				CLANG_WARN_NON_LITERAL_NULL_CONVERSION = YES;
				CLANG_WARN_OBJC_IMPLICIT_RETAIN_SELF = YES;
				CLANG_WARN_OBJC_LITERAL_CONVERSION = YES;
				CLANG_WARN_OBJC_ROOT_CLASS = YES_ERROR;
				CLANG_WARN_QUOTED_INCLUDE_IN_FRAMEWORK_HEADER = YES;
				CLANG_WARN_RANGE_LOOP_ANALYSIS = YES;
				CLANG_WARN_STRICT_PROTOTYPES = YES;
				CLANG_WARN_SUSPICIOUS_MOVE = YES;
				CLANG_WARN_UNGUARDED_AVAILABILITY = YES_AGGRESSIVE;
				CLANG_WARN_UNREACHABLE_CODE = YES;
				CLANG_WARN__DUPLICATE_METHOD_MATCH = YES;
				COPY_PHASE_STRIP = NO;
				DEBUG_INFORMATION_FORMAT = "dwarf-with-dsym";
				ENABLE_NS_ASSERTIONS = NO;
				ENABLE_STRICT_OBJC_MSGSEND = YES;
				GCC_C_LANGUAGE_STANDARD = gnu11;
				GCC_NO_COMMON_BLOCKS = YES;
				GCC_WARN_64_TO_32_BIT_CONVERSION = YES;
				GCC_WARN_ABOUT_RETURN_TYPE = YES_ERROR;
				GCC_WARN_UNDECLARED_SELECTOR = YES;
				GCC_WARN_UNINITIALIZED_AUTOS = YES_AGGRESSIVE;
				GCC_WARN_UNUSED_FUNCTION = YES;
				GCC_WARN_UNUSED_VARIABLE = YES;
				IPHONEOS_DEPLOYMENT_TARGET = 16.4;
				MTL_ENABLE_DEBUG_INFO = NO;
				MTL_FAST_MATH = YES;
				SDKROOT = iphoneos;
				SWIFT_COMPILATION_MODE = wholemodule;
				SWIFT_OPTIMIZATION_LEVEL = "-O";
				VALIDATE_PRODUCT = YES;
			};
			name = Release;
		};
		99E944F329EF92CC004D739D /* Debug */ = {
			isa = XCBuildConfiguration;
			buildSettings = {
				ASSETCATALOG_COMPILER_APPICON_NAME = AppIcon;
				ASSETCATALOG_COMPILER_GLOBAL_ACCENT_COLOR_NAME = AccentColor;
				CODE_SIGN_STYLE = Automatic;
				CURRENT_PROJECT_VERSION = 1;
				GENERATE_INFOPLIST_FILE = YES;
				INFOPLIST_FILE = AppLocalization/Info.plist;
				INFOPLIST_KEY_UIApplicationSupportsIndirectInputEvents = YES;
				INFOPLIST_KEY_UILaunchStoryboardName = LaunchScreen;
				INFOPLIST_KEY_UIMainStoryboardFile = Main;
				INFOPLIST_KEY_UISupportedInterfaceOrientations_iPad = "UIInterfaceOrientationPortrait UIInterfaceOrientationPortraitUpsideDown UIInterfaceOrientationLandscapeLeft UIInterfaceOrientationLandscapeRight";
				INFOPLIST_KEY_UISupportedInterfaceOrientations_iPhone = "UIInterfaceOrientationPortrait UIInterfaceOrientationLandscapeLeft UIInterfaceOrientationLandscapeRight";
				LD_RUNPATH_SEARCH_PATHS = (
					"$(inherited)",
					"@executable_path/Frameworks",
				);
				MARKETING_VERSION = 1.0;
				PRODUCT_BUNDLE_IDENTIFIER = com.parth.AppLocalization;
				PRODUCT_NAME = "$(TARGET_NAME)";
				SWIFT_EMIT_LOC_STRINGS = YES;
				SWIFT_VERSION = 5.0;
				TARGETED_DEVICE_FAMILY = "1,2";
			};
			name = Debug;
		};
		99E944F429EF92CC004D739D /* Release */ = {
			isa = XCBuildConfiguration;
			buildSettings = {
				ASSETCATALOG_COMPILER_APPICON_NAME = AppIcon;
				ASSETCATALOG_COMPILER_GLOBAL_ACCENT_COLOR_NAME = AccentColor;
				CODE_SIGN_STYLE = Automatic;
				CURRENT_PROJECT_VERSION = 1;
				GENERATE_INFOPLIST_FILE = YES;
				INFOPLIST_FILE = AppLocalization/Info.plist;
				INFOPLIST_KEY_UIApplicationSupportsIndirectInputEvents = YES;
				INFOPLIST_KEY_UILaunchStoryboardName = LaunchScreen;
				INFOPLIST_KEY_UIMainStoryboardFile = Main;
				INFOPLIST_KEY_UISupportedInterfaceOrientations_iPad = "UIInterfaceOrientationPortrait UIInterfaceOrientationPortraitUpsideDown UIInterfaceOrientationLandscapeLeft UIInterfaceOrientationLandscapeRight";
				INFOPLIST_KEY_UISupportedInterfaceOrientations_iPhone = "UIInterfaceOrientationPortrait UIInterfaceOrientationLandscapeLeft UIInterfaceOrientationLandscapeRight";
				LD_RUNPATH_SEARCH_PATHS = (
					"$(inherited)",
					"@executable_path/Frameworks",
				);
				MARKETING_VERSION = 1.0;
				PRODUCT_BUNDLE_IDENTIFIER = com.parth.AppLocalization;
				PRODUCT_NAME = "$(TARGET_NAME)";
				SWIFT_EMIT_LOC_STRINGS = YES;
				SWIFT_VERSION = 5.0;
				TARGETED_DEVICE_FAMILY = "1,2";
			};
			name = Release;
		};
		99E944F629EF92CC004D739D /* Debug */ = {
			isa = XCBuildConfiguration;
			buildSettings = {
				ALWAYS_EMBED_SWIFT_STANDARD_LIBRARIES = YES;
				BUNDLE_LOADER = "$(TEST_HOST)";
				CODE_SIGN_STYLE = Automatic;
				CURRENT_PROJECT_VERSION = 1;
				GENERATE_INFOPLIST_FILE = YES;
				IPHONEOS_DEPLOYMENT_TARGET = 16.4;
				MARKETING_VERSION = 1.0;
				PRODUCT_BUNDLE_IDENTIFIER = com.parth.AppLocalizationTests;
				PRODUCT_NAME = "$(TARGET_NAME)";
				SWIFT_EMIT_LOC_STRINGS = NO;
				SWIFT_VERSION = 5.0;
				TARGETED_DEVICE_FAMILY = "1,2";
				TEST_HOST = "$(BUILT_PRODUCTS_DIR)/AppLocalization.app/$(BUNDLE_EXECUTABLE_FOLDER_PATH)/AppLocalization";
			};
			name = Debug;
		};
		99E944F729EF92CC004D739D /* Release */ = {
			isa = XCBuildConfiguration;
			buildSettings = {
				ALWAYS_EMBED_SWIFT_STANDARD_LIBRARIES = YES;
				BUNDLE_LOADER = "$(TEST_HOST)";
				CODE_SIGN_STYLE = Automatic;
				CURRENT_PROJECT_VERSION = 1;
				GENERATE_INFOPLIST_FILE = YES;
				IPHONEOS_DEPLOYMENT_TARGET = 16.4;
				MARKETING_VERSION = 1.0;
				PRODUCT_BUNDLE_IDENTIFIER = com.parth.AppLocalizationTests;
				PRODUCT_NAME = "$(TARGET_NAME)";
				SWIFT_EMIT_LOC_STRINGS = NO;
				SWIFT_VERSION = 5.0;
				TARGETED_DEVICE_FAMILY = "1,2";
				TEST_HOST = "$(BUILT_PRODUCTS_DIR)/AppLocalization.app/$(BUNDLE_EXECUTABLE_FOLDER_PATH)/AppLocalization";
			};
			name = Release;
		};
		99E944F929EF92CC004D739D /* Debug */ = {
			isa = XCBuildConfiguration;
			buildSettings = {
				ALWAYS_EMBED_SWIFT_STANDARD_LIBRARIES = YES;
				CODE_SIGN_STYLE = Automatic;
				CURRENT_PROJECT_VERSION = 1;
				GENERATE_INFOPLIST_FILE = YES;
				MARKETING_VERSION = 1.0;
				PRODUCT_BUNDLE_IDENTIFIER = com.parth.AppLocalizationUITests;
				PRODUCT_NAME = "$(TARGET_NAME)";
				SWIFT_EMIT_LOC_STRINGS = NO;
				SWIFT_VERSION = 5.0;
				TARGETED_DEVICE_FAMILY = "1,2";
				TEST_TARGET_NAME = AppLocalization;
			};
			name = Debug;
		};
		99E944FA29EF92CC004D739D /* Release */ = {
			isa = XCBuildConfiguration;
			buildSettings = {
				ALWAYS_EMBED_SWIFT_STANDARD_LIBRARIES = YES;
				CODE_SIGN_STYLE = Automatic;
				CURRENT_PROJECT_VERSION = 1;
				GENERATE_INFOPLIST_FILE = YES;
				MARKETING_VERSION = 1.0;
				PRODUCT_BUNDLE_IDENTIFIER = com.parth.AppLocalizationUITests;
				PRODUCT_NAME = "$(TARGET_NAME)";
				SWIFT_EMIT_LOC_STRINGS = NO;
				SWIFT_VERSION = 5.0;
				TARGETED_DEVICE_FAMILY = "1,2";
				TEST_TARGET_NAME = AppLocalization;
			};
			name = Release;
		};
/* End XCBuildConfiguration section */

/* Begin XCConfigurationList section */
		99E944C329EF92C9004D739D /* Build configuration list for PBXProject "AppLocalization" */ = {
			isa = XCConfigurationList;
			buildConfigurations = (
				99E944F029EF92CC004D739D /* Debug */,
				99E944F129EF92CC004D739D /* Release */,
			);
			defaultConfigurationIsVisible = 0;
			defaultConfigurationName = Release;
		};
		99E944F229EF92CC004D739D /* Build configuration list for PBXNativeTarget "AppLocalization" */ = {
			isa = XCConfigurationList;
			buildConfigurations = (
				99E944F329EF92CC004D739D /* Debug */,
				99E944F429EF92CC004D739D /* Release */,
			);
			defaultConfigurationIsVisible = 0;
			defaultConfigurationName = Release;
		};
		99E944F529EF92CC004D739D /* Build configuration list for PBXNativeTarget "AppLocalizationTests" */ = {
			isa = XCConfigurationList;
			buildConfigurations = (
				99E944F629EF92CC004D739D /* Debug */,
				99E944F729EF92CC004D739D /* Release */,
			);
			defaultConfigurationIsVisible = 0;
			defaultConfigurationName = Release;
		};
		99E944F829EF92CC004D739D /* Build configuration list for PBXNativeTarget "AppLocalizationUITests" */ = {
			isa = XCConfigurationList;
			buildConfigurations = (
				99E944F929EF92CC004D739D /* Debug */,
				99E944FA29EF92CC004D739D /* Release */,
			);
			defaultConfigurationIsVisible = 0;
			defaultConfigurationName = Release;
		};
/* End XCConfigurationList section */
	};
	rootObject = 99E944C029EF92C9004D739D /* Project object */;
}
